Microsoft Visual Studio Solution File, Format Version 12.00
# Visual Studio Version 17
VisualStudioVersion = 17.8.34330.188
MinimumVisualStudioVersion = 10.0.40219.1
Project("{2150E333-8FDC-42A3-9474-1A3956D46DE8}") = "Solution Items", "Solution Items", "{7E507A42-984B-470D-8A0C-648B9AF8E1DC}"
	ProjectSection(SolutionItems) = preProject
		.editorconfig = .editorconfig
		.gitattributes = .gitattributes
		.gitignore = .gitignore
		.globalconfig = .globalconfig
		CHANGELOG.md = CHANGELOG.md
		LICENSE = LICENSE
		README.md = README.md
	EndProjectSection
EndProject
Project("{2150E333-8FDC-42A3-9474-1A3956D46DE8}") = "build", "build", "{6E3FEE79-C382-439C-AFD9-5505D414680D}"
	ProjectSection(SolutionItems) = preProject
		BuildPackages.cmd = BuildPackages.cmd
		CleanPackages.cmd = CleanPackages.cmd
		Directory.Build.props = Directory.Build.props
		Directory.Build.targets = Directory.Build.targets
		Directory.Packages.props = Directory.Packages.props
		nuget.config = nuget.config
		Project.Build.Properties.props = Project.Build.Properties.props
		Solution.Build.Properties.props = Solution.Build.Properties.props
	EndProjectSection
EndProject
Project("{2150E333-8FDC-42A3-9474-1A3956D46DE8}") = "build", "build", "{E8456C26-3E0D-4272-9794-3041D2DC97E8}"
	ProjectSection(SolutionItems) = preProject
		build\AssemblyInfo.Global.cs = build\AssemblyInfo.Global.cs
		build\BuildPackages.cmd = build\BuildPackages.cmd
		build\Project.Build.props = build\Project.Build.props
		build\Project.Build.targets = build\Project.Build.targets
		build\Solution.Build.props = build\Solution.Build.props
		build\Solution.Build.targets = build\Solution.Build.targets
	EndProjectSection
EndProject
Project("{2150E333-8FDC-42A3-9474-1A3956D46DE8}") = "GitHub Actions", "GitHub Actions", "{7BAAD61E-1493-4B51-A458-2A8F2FDD45FE}"
	ProjectSection(SolutionItems) = preProject
		.github\workflows\build.yml = .github\workflows\build.yml
	EndProjectSection
EndProject
Project("{2150E333-8FDC-42A3-9474-1A3956D46DE8}") = "src", "src", "{BCAA4557-7813-4A6E-AFE3-D5745C62E6BB}"
	ProjectSection(SolutionItems) = preProject
		src\Directory.Build.props = src\Directory.Build.props
		src\Directory.Build.targets = src\Directory.Build.targets
		src\Project.Build.References.props = src\Project.Build.References.props
	EndProjectSection
EndProject
Project("{2150E333-8FDC-42A3-9474-1A3956D46DE8}") = "tools", "tools", "{0446DEC4-9238-485F-8134-51E3CD2D8FCF}"
EndProject
Project("{2150E333-8FDC-42A3-9474-1A3956D46DE8}") = "Explicit.NuGet.Versions", "Explicit.NuGet.Versions", "{8FCCA2F0-EF2B-44A4-B815-57D3C7A4FE04}"
	ProjectSection(SolutionItems) = preProject
		tools\Explicit.NuGet.Versions\Directory.Build.props = tools\Explicit.NuGet.Versions\Directory.Build.props
		tools\Explicit.NuGet.Versions\Directory.Build.targets = tools\Explicit.NuGet.Versions\Directory.Build.targets
		tools\Explicit.NuGet.Versions\Explicit.NuGet.Versions.csproj = tools\Explicit.NuGet.Versions\Explicit.NuGet.Versions.csproj
		tools\Explicit.NuGet.Versions\Explicit.NuGet.Versions.sln = tools\Explicit.NuGet.Versions\Explicit.NuGet.Versions.sln
		tools\Explicit.NuGet.Versions\Program.cs = tools\Explicit.NuGet.Versions\Program.cs
		tools\Explicit.NuGet.Versions\Project.Build.References.props = tools\Explicit.NuGet.Versions\Project.Build.References.props
	EndProjectSection
EndProject
Project("{9A19103F-16F7-4668-BE54-9A1E7A4F7556}") = "NHibernate.ObservableCollections", "src\NHibernate.ObservableCollections\NHibernate.ObservableCollections.csproj", "{74E68B0D-2E27-4360-8AEB-75D389533DD3}"
EndProject
Project("{9A19103F-16F7-4668-BE54-9A1E7A4F7556}") = "NHibernate.ObservableCollections.Tests", "src\NHibernate.ObservableCollections.Tests\NHibernate.ObservableCollections.Tests.csproj", "{4E1305F2-75E0-4736-9A07-B2AD69C4F1A2}"
EndProject
Project("{FAE04EC0-301F-11D3-BF4B-00C04F79EFBC}") = "NHibernate.ObservableCollections.PerformanceTests", "src\NHibernate.ObservableCollections.PerformanceTests\NHibernate.ObservableCollections.PerformanceTests.csproj", "{5968CD0D-C7B7-4443-BC2F-4928E50EA5A9}"
EndProject
Project("{9A19103F-16F7-4668-BE54-9A1E7A4F7556}") = "NHibernate.ObservableCollections.Helpers", "src\NHibernate.ObservableCollections.Helpers\NHibernate.ObservableCollections.Helpers.csproj", "{F4BDCE2B-9911-48C9-9D5C-93CB14992966}"
EndProject
Project("{9A19103F-16F7-4668-BE54-9A1E7A4F7556}") = "NHibernate.ObservableCollections.DemoApp", "src\NHibernate.ObservableCollections.DemoApp\NHibernate.ObservableCollections.DemoApp.csproj", "{E97AE325-7B6F-4C7F-AF03-643877DC8C52}"
EndProject
Global
	GlobalSection(SolutionConfigurationPlatforms) = preSolution
		Debug|Any CPU = Debug|Any CPU
		Release|Any CPU = Release|Any CPU
	EndGlobalSection
	GlobalSection(ProjectConfigurationPlatforms) = postSolution
		{74E68B0D-2E27-4360-8AEB-75D389533DD3}.Debug|Any CPU.ActiveCfg = Debug|Any CPU
		{74E68B0D-2E27-4360-8AEB-75D389533DD3}.Debug|Any CPU.Build.0 = Debug|Any CPU
		{74E68B0D-2E27-4360-8AEB-75D389533DD3}.Release|Any CPU.ActiveCfg = Release|Any CPU
		{74E68B0D-2E27-4360-8AEB-75D389533DD3}.Release|Any CPU.Build.0 = Release|Any CPU
		{4E1305F2-75E0-4736-9A07-B2AD69C4F1A2}.Debug|Any CPU.ActiveCfg = Debug|Any CPU
		{4E1305F2-75E0-4736-9A07-B2AD69C4F1A2}.Debug|Any CPU.Build.0 = Debug|Any CPU
		{4E1305F2-75E0-4736-9A07-B2AD69C4F1A2}.Release|Any CPU.ActiveCfg = Release|Any CPU
		{4E1305F2-75E0-4736-9A07-B2AD69C4F1A2}.Release|Any CPU.Build.0 = Release|Any CPU
		{5968CD0D-C7B7-4443-BC2F-4928E50EA5A9}.Debug|Any CPU.ActiveCfg = Debug|Any CPU
		{5968CD0D-C7B7-4443-BC2F-4928E50EA5A9}.Debug|Any CPU.Build.0 = Debug|Any CPU
		{5968CD0D-C7B7-4443-BC2F-4928E50EA5A9}.Release|Any CPU.ActiveCfg = Release|Any CPU
		{5968CD0D-C7B7-4443-BC2F-4928E50EA5A9}.Release|Any CPU.Build.0 = Release|Any CPU
		{F4BDCE2B-9911-48C9-9D5C-93CB14992966}.Debug|Any CPU.ActiveCfg = Debug|Any CPU
		{F4BDCE2B-9911-48C9-9D5C-93CB14992966}.Debug|Any CPU.Build.0 = Debug|Any CPU
		{F4BDCE2B-9911-48C9-9D5C-93CB14992966}.Release|Any CPU.ActiveCfg = Release|Any CPU
		{F4BDCE2B-9911-48C9-9D5C-93CB14992966}.Release|Any CPU.Build.0 = Release|Any CPU
		{E97AE325-7B6F-4C7F-AF03-643877DC8C52}.Debug|Any CPU.ActiveCfg = Debug|Any CPU
		{E97AE325-7B6F-4C7F-AF03-643877DC8C52}.Debug|Any CPU.Build.0 = Debug|Any CPU
		{E97AE325-7B6F-4C7F-AF03-643877DC8C52}.Release|Any CPU.ActiveCfg = Release|Any CPU
		{E97AE325-7B6F-4C7F-AF03-643877DC8C52}.Release|Any CPU.Build.0 = Release|Any CPU
	EndGlobalSection
	GlobalSection(SolutionProperties) = preSolution
		HideSolutionNode = FALSE
	EndGlobalSection
	GlobalSection(NestedProjects) = preSolution
		{6E3FEE79-C382-439C-AFD9-5505D414680D} = {7E507A42-984B-470D-8A0C-648B9AF8E1DC}
		{E8456C26-3E0D-4272-9794-3041D2DC97E8} = {6E3FEE79-C382-439C-AFD9-5505D414680D}
		{7BAAD61E-1493-4B51-A458-2A8F2FDD45FE} = {6E3FEE79-C382-439C-AFD9-5505D414680D}
		{BCAA4557-7813-4A6E-AFE3-D5745C62E6BB} = {6E3FEE79-C382-439C-AFD9-5505D414680D}
		{0446DEC4-9238-485F-8134-51E3CD2D8FCF} = {6E3FEE79-C382-439C-AFD9-5505D414680D}
		{8FCCA2F0-EF2B-44A4-B815-57D3C7A4FE04} = {0446DEC4-9238-485F-8134-51E3CD2D8FCF}
	EndGlobalSection
	GlobalSection(ExtensibilityGlobals) = postSolution
		SolutionGuid = {533C1EB4-B488-47CC-AB26-AD9C1A24E5CF}
	EndGlobalSection
EndGlobal
